
Microsoft Visual Studio Solution File, Format Version 12.00
# Visual Studio 14
VisualStudioVersion = 14.0.24720.0
MinimumVisualStudioVersion = 10.0.40219.1
Project("{FAE04EC0-301F-11D3-BF4B-00C04F79EFBC}") = "DataLightNovelDownloader", "DataLightNovelDownloader\DataLightNovelDownloader.csproj", "{7A8C0BF1-FB8E-45BF-BBBF-F69E670FB483}"
EndProject
Project("{FAE04EC0-301F-11D3-BF4B-00C04F79EFBC}") = "WpfLightNovelClient", "WpfLightNovelClient\WpfLightNovelClient.csproj", "{7632CB04-AEF9-424F-80FB-E694350E3FEE}"
EndProject
Project("{FAE04EC0-301F-11D3-BF4B-00C04F79EFBC}") = "Dto", "Dto\Dto.csproj", "{41945AD3-8FF6-4275-96F1-40453AC363A1}"
EndProject
Project("{FAE04EC0-301F-11D3-BF4B-00C04F79EFBC}") = "SharpEpub", "SharpEpub\SharpEpub.csproj", "{8F73F5E4-A96E-45CF-B552-1BAA17085AF3}"
EndProject
Global
	GlobalSection(SolutionConfigurationPlatforms) = preSolution
		Debug|Any CPU = Debug|Any CPU
		Release|Any CPU = Release|Any CPU
	EndGlobalSection
	GlobalSection(ProjectConfigurationPlatforms) = postSolution
		{7A8C0BF1-FB8E-45BF-BBBF-F69E670FB483}.Debug|Any CPU.ActiveCfg = Debug|Any CPU
		{7A8C0BF1-FB8E-45BF-BBBF-F69E670FB483}.Debug|Any CPU.Build.0 = Debug|Any CPU
		{7A8C0BF1-FB8E-45BF-BBBF-F69E670FB483}.Release|Any CPU.ActiveCfg = Release|Any CPU
		{7A8C0BF1-FB8E-45BF-BBBF-F69E670FB483}.Release|Any CPU.Build.0 = Release|Any CPU
		{7632CB04-AEF9-424F-80FB-E694350E3FEE}.Debug|Any CPU.ActiveCfg = Debug|Any CPU
		{7632CB04-AEF9-424F-80FB-E694350E3FEE}.Debug|Any CPU.Build.0 = Debug|Any CPU
		{7632CB04-AEF9-424F-80FB-E694350E3FEE}.Release|Any CPU.ActiveCfg = Release|Any CPU
		{7632CB04-AEF9-424F-80FB-E694350E3FEE}.Release|Any CPU.Build.0 = Release|Any CPU
		{41945AD3-8FF6-4275-96F1-40453AC363A1}.Debug|Any CPU.ActiveCfg = Debug|Any CPU
		{41945AD3-8FF6-4275-96F1-40453AC363A1}.Debug|Any CPU.Build.0 = Debug|Any CPU
		{41945AD3-8FF6-4275-96F1-40453AC363A1}.Release|Any CPU.ActiveCfg = Release|Any CPU
		{41945AD3-8FF6-4275-96F1-40453AC363A1}.Release|Any CPU.Build.0 = Release|Any CPU
		{8F73F5E4-A96E-45CF-B552-1BAA17085AF3}.Debug|Any CPU.ActiveCfg = Debug|Any CPU
		{8F73F5E4-A96E-45CF-B552-1BAA17085AF3}.Debug|Any CPU.Build.0 = Debug|Any CPU
		{8F73F5E4-A96E-45CF-B552-1BAA17085AF3}.Release|Any CPU.ActiveCfg = Release|Any CPU
		{8F73F5E4-A96E-45CF-B552-1BAA17085AF3}.Release|Any CPU.Build.0 = Release|Any CPU
	EndGlobalSection
	GlobalSection(SolutionProperties) = preSolution
		HideSolutionNode = FALSE
	EndGlobalSection
EndGlobal
